{
  "name": "asp.net",
  "version": "1.0.0",
  "lockfileVersion": 1,
  "requires": true,
  "dependencies": {
    "bootstrap-table": {
      "version": "1.18.0",
      "resolved": "https://registry.npmjs.org/bootstrap-table/-/bootstrap-table-1.18.0.tgz",
      "integrity": "sha512-2SAef5MP99TBAirpgnyxuJv9iXt6zyLDwFTR8ocli8UtkT8Ue6+cbBZbJEz+DRqR+xxTFdi3HJKcRpN/udgkQQ==",
      "dev": true
    }
  }
}
